
Microsoft Visual Studio Solution File, Format Version 12.00
# Visual Studio Version 17
VisualStudioVersion = 17.1.32228.430
MinimumVisualStudioVersion = 10.0.40219.1
Project("{9A19103F-16F7-4668-BE54-9A1E7A4F7556}") = "NetCoreCache", "NetCoreCache\NetCoreCache.csproj", "{D029B64C-3964-40EB-853E-61963C9AE7A9}"
EndProject
Project("{9A19103F-16F7-4668-BE54-9A1E7A4F7556}") = "Cache", "Cache\Cache.csproj", "{24EDDA08-1E4C-4ED8-B705-BDB4C4DF6342}"
EndProject
Project("{FAE04EC0-301F-11D3-BF4B-00C04F79EFBC}") = "Common", "Common\Common.csproj", "{FB5CA6BD-233A-495E-BAAA-F96BE58397E7}"
EndProject
Global
	GlobalSection(SolutionConfigurationPlatforms) = preSolution
		Debug|Any CPU = Debug|Any CPU
		Release|Any CPU = Release|Any CPU
	EndGlobalSection
	GlobalSection(ProjectConfigurationPlatforms) = postSolution
		{D029B64C-3964-40EB-853E-61963C9AE7A9}.Debug|Any CPU.ActiveCfg = Debug|Any CPU
		{D029B64C-3964-40EB-853E-61963C9AE7A9}.Debug|Any CPU.Build.0 = Debug|Any CPU
		{D029B64C-3964-40EB-853E-61963C9AE7A9}.Release|Any CPU.ActiveCfg = Release|Any CPU
		{D029B64C-3964-40EB-853E-61963C9AE7A9}.Release|Any CPU.Build.0 = Release|Any CPU
		{24EDDA08-1E4C-4ED8-B705-BDB4C4DF6342}.Debug|Any CPU.ActiveCfg = Debug|Any CPU
		{24EDDA08-1E4C-4ED8-B705-BDB4C4DF6342}.Debug|Any CPU.Build.0 = Debug|Any CPU
		{24EDDA08-1E4C-4ED8-B705-BDB4C4DF6342}.Release|Any CPU.ActiveCfg = Release|Any CPU
		{24EDDA08-1E4C-4ED8-B705-BDB4C4DF6342}.Release|Any CPU.Build.0 = Release|Any CPU
		{FB5CA6BD-233A-495E-BAAA-F96BE58397E7}.Debug|Any CPU.ActiveCfg = Debug|Any CPU
		{FB5CA6BD-233A-495E-BAAA-F96BE58397E7}.Debug|Any CPU.Build.0 = Debug|Any CPU
		{FB5CA6BD-233A-495E-BAAA-F96BE58397E7}.Release|Any CPU.ActiveCfg = Release|Any CPU
		{FB5CA6BD-233A-495E-BAAA-F96BE58397E7}.Release|Any CPU.Build.0 = Release|Any CPU
	EndGlobalSection
	GlobalSection(SolutionProperties) = preSolution
		HideSolutionNode = FALSE
	EndGlobalSection
	GlobalSection(ExtensibilityGlobals) = postSolution
		SolutionGuid = {E5A3B514-0961-4291-8BD7-D7356D009488}
	EndGlobalSection
EndGlobal
